Microsoft Visual Studio Solution File, Format Version 12.00
# Visual Studio Version 17
VisualStudioVersion = 17.4.33430.173
MinimumVisualStudioVersion = 10.0.40219.1
Project("{GUID}") = "AnyFSE", "AnyFSE.vcxproj", "{9D1A8C46-5C52-4E5A-B0EE-123456789ABC}"
EndProject

Project("{GUID}") = "AnyFSE.Settings", "AnyFSE.Settings.vcxproj", "{7F3A9B1C-82D4-4E5F-91A6-B8C7D2E4F619}"
EndProject

Project("{GUID}") = "AnyFSE.Package", "AnyFSE.Package.vcxproj", "{4B2F1E9A-8C3D-4E76-9A1F-2D8C5A3B7E9F}"
EndProject

Global
	GlobalSection(SolutionConfigurationPlatforms) = preSolution
		Debug|x64 = Debug|x64
		Release|x64 = Release|x64
	EndGlobalSection
	GlobalSection(ProjectConfigurationPlatforms) = postSolution
		{9D1A8C46-5C52-4E5A-B0EE-123456789ABC}.Debug|x64.ActiveCfg = Debug|x64
		{9D1A8C46-5C52-4E5A-B0EE-123456789ABC}.Debug|x64.Build.0 = Debug|x64
		{9D1A8C46-5C52-4E5A-B0EE-123456789ABC}.Release|x64.ActiveCfg = Release|x64
		{9D1A8C46-5C52-4E5A-B0EE-123456789ABC}.Release|x64.Build.0 = Release|x64
		{7F3A9B1C-82D4-4E5F-91A6-B8C7D2E4F619}.Debug|x64.ActiveCfg = Debug|x64
		{7F3A9B1C-82D4-4E5F-91A6-B8C7D2E4F619}.Debug|x64.Build.0 = Debug|x64
		{7F3A9B1C-82D4-4E5F-91A6-B8C7D2E4F619}.Release|x64.ActiveCfg = Release|x64
		{7F3A9B1C-82D4-4E5F-91A6-B8C7D2E4F619}.Release|x64.Build.0 = Release|x64

		{4B2F1E9A-8C3D-4E76-9A1F-2D8C5A3B7E9F}.Debug|x64.ActiveCfg = Debug|x64
		{4B2F1E9A-8C3D-4E76-9A1F-2D8C5A3B7E9F}.Debug|x64.Build.0 = Debug|x64
		{4B2F1E9A-8C3D-4E76-9A1F-2D8C5A3B7E9F}.Release|x64.ActiveCfg = Release|x64
		{4B2F1E9A-8C3D-4E76-9A1F-2D8C5A3B7E9F}.Release|x64.Build.0 = Release|x64
	EndGlobalSection
	GlobalSection(SolutionProperties) = preSolution
		HideSolutionNode = FALSE
	EndGlobalSection

	GlobalSection(ProjectDependencies) = postSolution
		{9D1A8C46-5C52-4E5A-B0EE-123456789ABC} = {7F3A9B1C-82D4-4E5F-91A6-B8C7D2E4F619}
        {4B2F1E9A-8C3D-4E76-9A1F-2D8C5A3B7E9F} = {9D1A8C46-5C52-4E5A-B0EE-123456789ABC}
        {4B2F1E9A-8C3D-4E76-9A1F-2D8C5A3B7E9F} = {7F3A9B1C-82D4-4E5F-91A6-B8C7D2E4F619}
    EndGlobalSection
EndGlobal